
Microsoft Visual Studio Solution File, Format Version 12.00
# Visual Studio Version 17
VisualStudioVersion = 17.4.33205.214
MinimumVisualStudioVersion = 10.0.40219.1
Project("{8BC9CEB8-8B4A-11D0-8D11-00A0C91BC942}") = "Dllec", "Dllec\Dllec.vcxproj", "{E1A05BA6-C1D0-418B-8D8E-16F6FC1BB464}"
EndProject
Global
	GlobalSection(SolutionConfigurationPlatforms) = preSolution
		Debug|x64 = Debug|x64
		Debug|x86 = Debug|x86
		Release|x64 = Release|x64
		Release|x86 = Release|x86
	EndGlobalSection
	GlobalSection(ProjectConfigurationPlatforms) = postSolution
		{E1A05BA6-C1D0-418B-8D8E-16F6FC1BB464}.Debug|x64.ActiveCfg = Debug|x64
		{E1A05BA6-C1D0-418B-8D8E-16F6FC1BB464}.Debug|x64.Build.0 = Debug|x64
		{E1A05BA6-C1D0-418B-8D8E-16F6FC1BB464}.Debug|x86.ActiveCfg = Debug|Win32
		{E1A05BA6-C1D0-418B-8D8E-16F6FC1BB464}.Debug|x86.Build.0 = Debug|Win32
		{E1A05BA6-C1D0-418B-8D8E-16F6FC1BB464}.Release|x64.ActiveCfg = Release|x64
		{E1A05BA6-C1D0-418B-8D8E-16F6FC1BB464}.Release|x64.Build.0 = Release|x64
		{E1A05BA6-C1D0-418B-8D8E-16F6FC1BB464}.Release|x86.ActiveCfg = Release|Win32
		{E1A05BA6-C1D0-418B-8D8E-16F6FC1BB464}.Release|x86.Build.0 = Release|Win32
	EndGlobalSection
	GlobalSection(SolutionProperties) = preSolution
		HideSolutionNode = FALSE
	EndGlobalSection
	GlobalSection(ExtensibilityGlobals) = postSolution
		SolutionGuid = {83D41309-B215-4078-8E63-F0DF76ACB577}
	EndGlobalSection
EndGlobal
